
Microsoft Visual Studio Solution File, Format Version 12.00
# Visual Studio Version 17
VisualStudioVersion = 17.12.35707.178
MinimumVisualStudioVersion = 10.0.40219.1
Project("{FAE04EC0-301F-11D3-BF4B-00C04F79EFBC}") = "Bug.BetterThanYesterday.API", "Bug.BetterThanYesterday.API\Bug.BetterThanYesterday.API.csproj", "{10D2A393-E7ED-4E3A-BB3D-ECA17696ABF1}"
EndProject
Project("{FAE04EC0-301F-11D3-BF4B-00C04F79EFBC}") = "Bug.BetterThanYesterday.Domain", "Bug.BetterThanYesterday.Domain\Bug.BetterThanYesterday.Domain.csproj", "{78B853A3-74A7-4DC4-AFDD-D76C9E14A18E}"
EndProject
Project("{FAE04EC0-301F-11D3-BF4B-00C04F79EFBC}") = "Bug.BetterThanYesterday.Infrastructure", "Bug.BetterThanYesterday.Infrastructure\Bug.BetterThanYesterday.Infrastructure.csproj", "{055A753A-1150-44D2-A41D-44E1ED7844F9}"
EndProject
Project("{2150E333-8FDC-42A3-9474-1A3956D46DE8}") = "Solution Items", "Solution Items", "{5CEF3A9E-2D2E-4A50-8323-ED6C987A12D0}"
	ProjectSection(SolutionItems) = preProject
		.gitignore = .gitignore
	EndProjectSection
EndProject
Project("{FAE04EC0-301F-11D3-BF4B-00C04F79EFBC}") = "Bug.BetterThanYesterday.Application", "Bug.BetterThanYesterday.Application\Bug.BetterThanYesterday.Application.csproj", "{B483C6E7-6B26-47D8-9E1A-AB13CD58DD96}"
EndProject
Project("{FAE04EC0-301F-11D3-BF4B-00C04F79EFBC}") = "Bug.BetterThanYesterday.Application.Tests", "Bug.BetterThanYesterday.Application.Tests\Bug.BetterThanYesterday.Application.Tests.csproj", "{E2CC536E-36D5-4D7B-A577-A548EFE02E44}"
EndProject
Global
	GlobalSection(SolutionConfigurationPlatforms) = preSolution
		Debug|Any CPU = Debug|Any CPU
		Release|Any CPU = Release|Any CPU
	EndGlobalSection
	GlobalSection(ProjectConfigurationPlatforms) = postSolution
		{10D2A393-E7ED-4E3A-BB3D-ECA17696ABF1}.Debug|Any CPU.ActiveCfg = Debug|Any CPU
		{10D2A393-E7ED-4E3A-BB3D-ECA17696ABF1}.Debug|Any CPU.Build.0 = Debug|Any CPU
		{10D2A393-E7ED-4E3A-BB3D-ECA17696ABF1}.Release|Any CPU.ActiveCfg = Release|Any CPU
		{10D2A393-E7ED-4E3A-BB3D-ECA17696ABF1}.Release|Any CPU.Build.0 = Release|Any CPU
		{78B853A3-74A7-4DC4-AFDD-D76C9E14A18E}.Debug|Any CPU.ActiveCfg = Debug|Any CPU
		{78B853A3-74A7-4DC4-AFDD-D76C9E14A18E}.Debug|Any CPU.Build.0 = Debug|Any CPU
		{78B853A3-74A7-4DC4-AFDD-D76C9E14A18E}.Release|Any CPU.ActiveCfg = Release|Any CPU
		{78B853A3-74A7-4DC4-AFDD-D76C9E14A18E}.Release|Any CPU.Build.0 = Release|Any CPU
		{055A753A-1150-44D2-A41D-44E1ED7844F9}.Debug|Any CPU.ActiveCfg = Debug|Any CPU
		{055A753A-1150-44D2-A41D-44E1ED7844F9}.Debug|Any CPU.Build.0 = Debug|Any CPU
		{055A753A-1150-44D2-A41D-44E1ED7844F9}.Release|Any CPU.ActiveCfg = Release|Any CPU
		{055A753A-1150-44D2-A41D-44E1ED7844F9}.Release|Any CPU.Build.0 = Release|Any CPU
		{B483C6E7-6B26-47D8-9E1A-AB13CD58DD96}.Debug|Any CPU.ActiveCfg = Debug|Any CPU
		{B483C6E7-6B26-47D8-9E1A-AB13CD58DD96}.Debug|Any CPU.Build.0 = Debug|Any CPU
		{B483C6E7-6B26-47D8-9E1A-AB13CD58DD96}.Release|Any CPU.ActiveCfg = Release|Any CPU
		{B483C6E7-6B26-47D8-9E1A-AB13CD58DD96}.Release|Any CPU.Build.0 = Release|Any CPU
		{E2CC536E-36D5-4D7B-A577-A548EFE02E44}.Debug|Any CPU.ActiveCfg = Debug|Any CPU
		{E2CC536E-36D5-4D7B-A577-A548EFE02E44}.Debug|Any CPU.Build.0 = Debug|Any CPU
		{E2CC536E-36D5-4D7B-A577-A548EFE02E44}.Release|Any CPU.ActiveCfg = Release|Any CPU
		{E2CC536E-36D5-4D7B-A577-A548EFE02E44}.Release|Any CPU.Build.0 = Release|Any CPU
	EndGlobalSection
	GlobalSection(SolutionProperties) = preSolution
		HideSolutionNode = FALSE
	EndGlobalSection
EndGlobal
